
Microsoft Visual Studio Solution File, Format Version 12.00
# Visual Studio 15
VisualStudioVersion = 15.0.28010.2019
MinimumVisualStudioVersion = 10.0.40219.1
Project("{FAE04EC0-301F-11D3-BF4B-00C04F79EFBC}") = "SocialAppUI.Android", "SocialAppUI\SocialAppUI.Android\SocialAppUI.Android.csproj", "{04DF1D41-FB70-4478-A0E2-0B5E6D90A551}"
EndProject
Project("{FAE04EC0-301F-11D3-BF4B-00C04F79EFBC}") = "SocialAppUI.iOS", "SocialAppUI\SocialAppUI.iOS\SocialAppUI.iOS.csproj", "{B9CA96BF-0268-4645-9350-0B6AC609B406}"
EndProject
Project("{FAE04EC0-301F-11D3-BF4B-00C04F79EFBC}") = "SocialAppUI.UWP", "SocialAppUI\SocialAppUI.UWP\SocialAppUI.UWP.csproj", "{EF604984-8C1A-421D-888A-A33C33E5C626}"
EndProject
Project("{FAE04EC0-301F-11D3-BF4B-00C04F79EFBC}") = "SocialAppUI", "SocialAppUI\SocialAppUI\SocialAppUI.csproj", "{4F274B6A-4455-4A0F-9400-6FA0D5A9BD2F}"
EndProject
Global
	GlobalSection(SolutionConfigurationPlatforms) = preSolution
		Ad-Hoc|Any CPU = Ad-Hoc|Any CPU
		Ad-Hoc|ARM = Ad-Hoc|ARM
		Ad-Hoc|iPhone = Ad-Hoc|iPhone
		Ad-Hoc|iPhoneSimulator = Ad-Hoc|iPhoneSimulator
		Ad-Hoc|x64 = Ad-Hoc|x64
		Ad-Hoc|x86 = Ad-Hoc|x86
		AppStore|Any CPU = AppStore|Any CPU
		AppStore|ARM = AppStore|ARM
		AppStore|iPhone = AppStore|iPhone
		AppStore|iPhoneSimulator = AppStore|iPhoneSimulator
		AppStore|x64 = AppStore|x64
		AppStore|x86 = AppStore|x86
		Debug|Any CPU = Debug|Any CPU
		Debug|ARM = Debug|ARM
		Debug|iPhone = Debug|iPhone
		Debug|iPhoneSimulator = Debug|iPhoneSimulator
		Debug|x64 = Debug|x64
		Debug|x86 = Debug|x86
		Release|Any CPU = Release|Any CPU
		Release|ARM = Release|ARM
		Release|iPhone = Release|iPhone
		Release|iPhoneSimulator = Release|iPhoneSimulator
		Release|x64 = Release|x64
		Release|x86 = Release|x86
	EndGlobalSection
	GlobalSection(ProjectConfigurationPlatforms) = postSolution
		{04DF1D41-FB70-4478-A0E2-0B5E6D90A551}.Ad-Hoc|Any CPU.ActiveCfg = Release|Any CPU
		{04DF1D41-FB70-4478-A0E2-0B5E6D90A551}.Ad-Hoc|Any CPU.Build.0 = Release|Any CPU
		{04DF1D41-FB70-4478-A0E2-0B5E6D90A551}.Ad-Hoc|Any CPU.Deploy.0 = Release|Any CPU
		{04DF1D41-FB70-4478-A0E2-0B5E6D90A551}.Ad-Hoc|ARM.ActiveCfg = Release|Any CPU
		{04DF1D41-FB70-4478-A0E2-0B5E6D90A551}.Ad-Hoc|ARM.Build.0 = Release|Any CPU
		{04DF1D41-FB70-4478-A0E2-0B5E6D90A551}.Ad-Hoc|ARM.Deploy.0 = Release|Any CPU
		{04DF1D41-FB70-4478-A0E2-0B5E6D90A551}.Ad-Hoc|iPhone.ActiveCfg = Release|Any CPU
		{04DF1D41-FB70-4478-A0E2-0B5E6D90A551}.Ad-Hoc|iPhone.Build.0 = Release|Any CPU
		{04DF1D41-FB70-4478-A0E2-0B5E6D90A551}.Ad-Hoc|iPhone.Deploy.0 = Release|Any CPU
		{04DF1D41-FB70-4478-A0E2-0B5E6D90A551}.Ad-Hoc|iPhoneSimulator.ActiveCfg = Release|Any CPU
		{04DF1D41-FB70-4478-A0E2-0B5E6D90A551}.Ad-Hoc|iPhoneSimulator.Build.0 = Release|Any CPU
		{04DF1D41-FB70-4478-A0E2-0B5E6D90A551}.Ad-Hoc|iPhoneSimulator.Deploy.0 = Release|Any CPU
		{04DF1D41-FB70-4478-A0E2-0B5E6D90A551}.Ad-Hoc|x64.ActiveCfg = Release|Any CPU
		{04DF1D41-FB70-4478-A0E2-0B5E6D90A551}.Ad-Hoc|x64.Build.0 = Release|Any CPU
		{04DF1D41-FB70-4478-A0E2-0B5E6D90A551}.Ad-Hoc|x64.Deploy.0 = Release|Any CPU
		{04DF1D41-FB70-4478-A0E2-0B5E6D90A551}.Ad-Hoc|x86.ActiveCfg = Release|Any CPU
		{04DF1D41-FB70-4478-A0E2-0B5E6D90A551}.Ad-Hoc|x86.Build.0 = Release|Any CPU
		{04DF1D41-FB70-4478-A0E2-0B5E6D90A551}.Ad-Hoc|x86.Deploy.0 = Release|Any CPU
		{04DF1D41-FB70-4478-A0E2-0B5E6D90A551}.AppStore|Any CPU.ActiveCfg = Release|Any CPU
		{04DF1D41-FB70-4478-A0E2-0B5E6D90A551}.AppStore|Any CPU.Build.0 = Release|Any CPU
		{04DF1D41-FB70-4478-A0E2-0B5E6D90A551}.AppStore|Any CPU.Deploy.0 = Release|Any CPU
		{04DF1D41-FB70-4478-A0E2-0B5E6D90A551}.AppStore|ARM.ActiveCfg = Release|Any CPU
		{04DF1D41-FB70-4478-A0E2-0B5E6D90A551}.AppStore|ARM.Build.0 = Release|Any CPU
		{04DF1D41-FB70-4478-A0E2-0B5E6D90A551}.AppStore|ARM.Deploy.0 = Release|Any CPU
		{04DF1D41-FB70-4478-A0E2-0B5E6D90A551}.AppStore|iPhone.ActiveCfg = Release|Any CPU
		{04DF1D41-FB70-4478-A0E2-0B5E6D90A551}.AppStore|iPhone.Build.0 = Release|Any CPU
		{04DF1D41-FB70-4478-A0E2-0B5E6D90A551}.AppStore|iPhone.Deploy.0 = Release|Any CPU
		{04DF1D41-FB70-4478-A0E2-0B5E6D90A551}.AppStore|iPhoneSimulator.ActiveCfg = Release|Any CPU
		{04DF1D41-FB70-4478-A0E2-0B5E6D90A551}.AppStore|iPhoneSimulator.Build.0 = Release|Any CPU
		{04DF1D41-FB70-4478-A0E2-0B5E6D90A551}.AppStore|iPhoneSimulator.Deploy.0 = Release|Any CPU
		{04DF1D41-FB70-4478-A0E2-0B5E6D90A551}.AppStore|x64.ActiveCfg = Release|Any CPU
		{04DF1D41-FB70-4478-A0E2-0B5E6D90A551}.AppStore|x64.Build.0 = Release|Any CPU
		{04DF1D41-FB70-4478-A0E2-0B5E6D90A551}.AppStore|x64.Deploy.0 = Release|Any CPU
		{04DF1D41-FB70-4478-A0E2-0B5E6D90A551}.AppStore|x86.ActiveCfg = Release|Any CPU
		{04DF1D41-FB70-4478-A0E2-0B5E6D90A551}.AppStore|x86.Build.0 = Release|Any CPU
		{04DF1D41-FB70-4478-A0E2-0B5E6D90A551}.AppStore|x86.Deploy.0 = Release|Any CPU
		{04DF1D41-FB70-4478-A0E2-0B5E6D90A551}.Debug|Any CPU.ActiveCfg = Debug|Any CPU
		{04DF1D41-FB70-4478-A0E2-0B5E6D90A551}.Debug|Any CPU.Build.0 = Debug|Any CPU
		{04DF1D41-FB70-4478-A0E2-0B5E6D90A551}.Debug|Any CPU.Deploy.0 = Debug|Any CPU
		{04DF1D41-FB70-4478-A0E2-0B5E6D90A551}.Debug|ARM.ActiveCfg = Debug|Any CPU
		{04DF1D41-FB70-4478-A0E2-0B5E6D90A551}.Debug|ARM.Build.0 = Debug|Any CPU
		{04DF1D41-FB70-4478-A0E2-0B5E6D90A551}.Debug|ARM.Deploy.0 = Debug|Any CPU
		{04DF1D41-FB70-4478-A0E2-0B5E6D90A551}.Debug|iPhone.ActiveCfg = Debug|Any CPU
		{04DF1D41-FB70-4478-A0E2-0B5E6D90A551}.Debug|iPhone.Build.0 = Debug|Any CPU
		{04DF1D41-FB70-4478-A0E2-0B5E6D90A551}.Debug|iPhone.Deploy.0 = Debug|Any CPU
		{04DF1D41-FB70-4478-A0E2-0B5E6D90A551}.Debug|iPhoneSimulator.ActiveCfg = Debug|Any CPU
		{04DF1D41-FB70-4478-A0E2-0B5E6D90A551}.Debug|iPhoneSimulator.Build.0 = Debug|Any CPU
		{04DF1D41-FB70-4478-A0E2-0B5E6D90A551}.Debug|iPhoneSimulator.Deploy.0 = Debug|Any CPU
		{04DF1D41-FB70-4478-A0E2-0B5E6D90A551}.Debug|x64.ActiveCfg = Debug|Any CPU
		{04DF1D41-FB70-4478-A0E2-0B5E6D90A551}.Debug|x64.Build.0 = Debug|Any CPU
		{04DF1D41-FB70-4478-A0E2-0B5E6D90A551}.Debug|x64.Deploy.0 = Debug|Any CPU
		{04DF1D41-FB70-4478-A0E2-0B5E6D90A551}.Debug|x86.ActiveCfg = Debug|Any CPU
		{04DF1D41-FB70-4478-A0E2-0B5E6D90A551}.Debug|x86.Build.0 = Debug|Any CPU
		{04DF1D41-FB70-4478-A0E2-0B5E6D90A551}.Debug|x86.Deploy.0 = Debug|Any CPU
		{04DF1D41-FB70-4478-A0E2-0B5E6D90A551}.Release|Any CPU.ActiveCfg = Release|Any CPU
		{04DF1D41-FB70-4478-A0E2-0B5E6D90A551}.Release|Any CPU.Build.0 = Release|Any CPU
		{04DF1D41-FB70-4478-A0E2-0B5E6D90A551}.Release|Any CPU.Deploy.0 = Release|Any CPU
		{04DF1D41-FB70-4478-A0E2-0B5E6D90A551}.Release|ARM.ActiveCfg = Release|Any CPU
		{04DF1D41-FB70-4478-A0E2-0B5E6D90A551}.Release|ARM.Build.0 = Release|Any CPU
		{04DF1D41-FB70-4478-A0E2-0B5E6D90A551}.Release|ARM.Deploy.0 = Release|Any CPU
		{04DF1D41-FB70-4478-A0E2-0B5E6D90A551}.Release|iPhone.ActiveCfg = Release|Any CPU
		{04DF1D41-FB70-4478-A0E2-0B5E6D90A551}.Release|iPhone.Build.0 = Release|Any CPU
		{04DF1D41-FB70-4478-A0E2-0B5E6D90A551}.Release|iPhone.Deploy.0 = Release|Any CPU
		{04DF1D41-FB70-4478-A0E2-0B5E6D90A551}.Release|iPhoneSimulator.ActiveCfg = Release|Any CPU
		{04DF1D41-FB70-4478-A0E2-0B5E6D90A551}.Release|iPhoneSimulator.Build.0 = Release|Any CPU
		{04DF1D41-FB70-4478-A0E2-0B5E6D90A551}.Release|iPhoneSimulator.Deploy.0 = Release|Any CPU
		{04DF1D41-FB70-4478-A0E2-0B5E6D90A551}.Release|x64.ActiveCfg = Release|Any CPU
		{04DF1D41-FB70-4478-A0E2-0B5E6D90A551}.Release|x64.Build.0 = Release|Any CPU
		{04DF1D41-FB70-4478-A0E2-0B5E6D90A551}.Release|x64.Deploy.0 = Release|Any CPU
		{04DF1D41-FB70-4478-A0E2-0B5E6D90A551}.Release|x86.ActiveCfg = Release|Any CPU
		{04DF1D41-FB70-4478-A0E2-0B5E6D90A551}.Release|x86.Build.0 = Release|Any CPU
		{04DF1D41-FB70-4478-A0E2-0B5E6D90A551}.Release|x86.Deploy.0 = Release|Any CPU
		{B9CA96BF-0268-4645-9350-0B6AC609B406}.Ad-Hoc|Any CPU.ActiveCfg = Ad-Hoc|iPhone
		{B9CA96BF-0268-4645-9350-0B6AC609B406}.Ad-Hoc|Any CPU.Build.0 = Ad-Hoc|iPhone
		{B9CA96BF-0268-4645-9350-0B6AC609B406}.Ad-Hoc|Any CPU.Deploy.0 = Ad-Hoc|iPhone
		{B9CA96BF-0268-4645-9350-0B6AC609B406}.Ad-Hoc|ARM.ActiveCfg = Ad-Hoc|iPhone
		{B9CA96BF-0268-4645-9350-0B6AC609B406}.Ad-Hoc|ARM.Build.0 = Ad-Hoc|iPhone
		{B9CA96BF-0268-4645-9350-0B6AC609B406}.Ad-Hoc|ARM.Deploy.0 = Ad-Hoc|iPhone
		{B9CA96BF-0268-4645-9350-0B6AC609B406}.Ad-Hoc|iPhone.ActiveCfg = Ad-Hoc|iPhone
		{B9CA96BF-0268-4645-9350-0B6AC609B406}.Ad-Hoc|iPhone.Build.0 = Ad-Hoc|iPhone
		{B9CA96BF-0268-4645-9350-0B6AC609B406}.Ad-Hoc|iPhone.Deploy.0 = Ad-Hoc|iPhone
		{B9CA96BF-0268-4645-9350-0B6AC609B406}.Ad-Hoc|iPhoneSimulator.ActiveCfg = Ad-Hoc|iPhoneSimulator
		{B9CA96BF-0268-4645-9350-0B6AC609B406}.Ad-Hoc|iPhoneSimulator.Build.0 = Ad-Hoc|iPhoneSimulator
		{B9CA96BF-0268-4645-9350-0B6AC609B406}.Ad-Hoc|iPhoneSimulator.Deploy.0 = Ad-Hoc|iPhoneSimulator
		{B9CA96BF-0268-4645-9350-0B6AC609B406}.Ad-Hoc|x64.ActiveCfg = Ad-Hoc|iPhone
		{B9CA96BF-0268-4645-9350-0B6AC609B406}.Ad-Hoc|x64.Build.0 = Ad-Hoc|iPhone
		{B9CA96BF-0268-4645-9350-0B6AC609B406}.Ad-Hoc|x64.Deploy.0 = Ad-Hoc|iPhone
		{B9CA96BF-0268-4645-9350-0B6AC609B406}.Ad-Hoc|x86.ActiveCfg = Ad-Hoc|iPhone
		{B9CA96BF-0268-4645-9350-0B6AC609B406}.Ad-Hoc|x86.Build.0 = Ad-Hoc|iPhone
		{B9CA96BF-0268-4645-9350-0B6AC609B406}.Ad-Hoc|x86.Deploy.0 = Ad-Hoc|iPhone
		{B9CA96BF-0268-4645-9350-0B6AC609B406}.AppStore|Any CPU.ActiveCfg = AppStore|iPhone
		{B9CA96BF-0268-4645-9350-0B6AC609B406}.AppStore|Any CPU.Build.0 = AppStore|iPhone
		{B9CA96BF-0268-4645-9350-0B6AC609B406}.AppStore|Any CPU.Deploy.0 = AppStore|iPhone
		{B9CA96BF-0268-4645-9350-0B6AC609B406}.AppStore|ARM.ActiveCfg = AppStore|iPhone
		{B9CA96BF-0268-4645-9350-0B6AC609B406}.AppStore|ARM.Build.0 = AppStore|iPhone
		{B9CA96BF-0268-4645-9350-0B6AC609B406}.AppStore|ARM.Deploy.0 = AppStore|iPhone
		{B9CA96BF-0268-4645-9350-0B6AC609B406}.AppStore|iPhone.ActiveCfg = AppStore|iPhone
		{B9CA96BF-0268-4645-9350-0B6AC609B406}.AppStore|iPhone.Build.0 = AppStore|iPhone
		{B9CA96BF-0268-4645-9350-0B6AC609B406}.AppStore|iPhone.Deploy.0 = AppStore|iPhone
		{B9CA96BF-0268-4645-9350-0B6AC609B406}.AppStore|iPhoneSimulator.ActiveCfg = AppStore|iPhoneSimulator
		{B9CA96BF-0268-4645-9350-0B6AC609B406}.AppStore|iPhoneSimulator.Build.0 = AppStore|iPhoneSimulator
		{B9CA96BF-0268-4645-9350-0B6AC609B406}.AppStore|iPhoneSimulator.Deploy.0 = AppStore|iPhoneSimulator
		{B9CA96BF-0268-4645-9350-0B6AC609B406}.AppStore|x64.ActiveCfg = AppStore|iPhone
		{B9CA96BF-0268-4645-9350-0B6AC609B406}.AppStore|x64.Build.0 = AppStore|iPhone
		{B9CA96BF-0268-4645-9350-0B6AC609B406}.AppStore|x64.Deploy.0 = AppStore|iPhone
		{B9CA96BF-0268-4645-9350-0B6AC609B406}.AppStore|x86.ActiveCfg = AppStore|iPhone
		{B9CA96BF-0268-4645-9350-0B6AC609B406}.AppStore|x86.Build.0 = AppStore|iPhone
		{B9CA96BF-0268-4645-9350-0B6AC609B406}.AppStore|x86.Deploy.0 = AppStore|iPhone
		{B9CA96BF-0268-4645-9350-0B6AC609B406}.Debug|Any CPU.ActiveCfg = Debug|iPhoneSimulator
		{B9CA96BF-0268-4645-9350-0B6AC609B406}.Debug|Any CPU.Build.0 = Debug|iPhoneSimulator
		{B9CA96BF-0268-4645-9350-0B6AC609B406}.Debug|Any CPU.Deploy.0 = Debug|iPhoneSimulator
		{B9CA96BF-0268-4645-9350-0B6AC609B406}.Debug|ARM.ActiveCfg = Debug|iPhone
		{B9CA96BF-0268-4645-9350-0B6AC609B406}.Debug|ARM.Build.0 = Debug|iPhone
		{B9CA96BF-0268-4645-9350-0B6AC609B406}.Debug|ARM.Deploy.0 = Debug|iPhone
		{B9CA96BF-0268-4645-9350-0B6AC609B406}.Debug|iPhone.ActiveCfg = Debug|iPhone
		{B9CA96BF-0268-4645-9350-0B6AC609B406}.Debug|iPhone.Build.0 = Debug|iPhone
		{B9CA96BF-0268-4645-9350-0B6AC609B406}.Debug|iPhone.Deploy.0 = Debug|iPhone
		{B9CA96BF-0268-4645-9350-0B6AC609B406}.Debug|iPhoneSimulator.ActiveCfg = Debug|iPhoneSimulator
		{B9CA96BF-0268-4645-9350-0B6AC609B406}.Debug|iPhoneSimulator.Build.0 = Debug|iPhoneSimulator
		{B9CA96BF-0268-4645-9350-0B6AC609B406}.Debug|iPhoneSimulator.Deploy.0 = Debug|iPhoneSimulator
		{B9CA96BF-0268-4645-9350-0B6AC609B406}.Debug|x64.ActiveCfg = Debug|iPhone
		{B9CA96BF-0268-4645-9350-0B6AC609B406}.Debug|x64.Build.0 = Debug|iPhone
		{B9CA96BF-0268-4645-9350-0B6AC609B406}.Debug|x64.Deploy.0 = Debug|iPhone
		{B9CA96BF-0268-4645-9350-0B6AC609B406}.Debug|x86.ActiveCfg = Debug|iPhone
		{B9CA96BF-0268-4645-9350-0B6AC609B406}.Debug|x86.Build.0 = Debug|iPhone
		{B9CA96BF-0268-4645-9350-0B6AC609B406}.Debug|x86.Deploy.0 = Debug|iPhone
		{B9CA96BF-0268-4645-9350-0B6AC609B406}.Release|Any CPU.ActiveCfg = Release|iPhone
		{B9CA96BF-0268-4645-9350-0B6AC609B406}.Release|Any CPU.Build.0 = Release|iPhone
		{B9CA96BF-0268-4645-9350-0B6AC609B406}.Release|Any CPU.Deploy.0 = Release|iPhone
		{B9CA96BF-0268-4645-9350-0B6AC609B406}.Release|ARM.ActiveCfg = Release|iPhone
		{B9CA96BF-0268-4645-9350-0B6AC609B406}.Release|ARM.Build.0 = Release|iPhone
		{B9CA96BF-0268-4645-9350-0B6AC609B406}.Release|ARM.Deploy.0 = Release|iPhone
		{B9CA96BF-0268-4645-9350-0B6AC609B406}.Release|iPhone.ActiveCfg = Release|iPhone
		{B9CA96BF-0268-4645-9350-0B6AC609B406}.Release|iPhone.Build.0 = Release|iPhone
		{B9CA96BF-0268-4645-9350-0B6AC609B406}.Release|iPhone.Deploy.0 = Release|iPhone
		{B9CA96BF-0268-4645-9350-0B6AC609B406}.Release|iPhoneSimulator.ActiveCfg = Release|iPhoneSimulator
		{B9CA96BF-0268-4645-9350-0B6AC609B406}.Release|iPhoneSimulator.Build.0 = Release|iPhoneSimulator
		{B9CA96BF-0268-4645-9350-0B6AC609B406}.Release|iPhoneSimulator.Deploy.0 = Release|iPhoneSimulator
		{B9CA96BF-0268-4645-9350-0B6AC609B406}.Release|x64.ActiveCfg = Release|iPhone
		{B9CA96BF-0268-4645-9350-0B6AC609B406}.Release|x64.Build.0 = Release|iPhone
		{B9CA96BF-0268-4645-9350-0B6AC609B406}.Release|x64.Deploy.0 = Release|iPhone
		{B9CA96BF-0268-4645-9350-0B6AC609B406}.Release|x86.ActiveCfg = Release|iPhone
		{B9CA96BF-0268-4645-9350-0B6AC609B406}.Release|x86.Build.0 = Release|iPhone
		{B9CA96BF-0268-4645-9350-0B6AC609B406}.Release|x86.Deploy.0 = Release|iPhone
		{EF604984-8C1A-421D-888A-A33C33E5C626}.Ad-Hoc|Any CPU.ActiveCfg = Release|x86
		{EF604984-8C1A-421D-888A-A33C33E5C626}.Ad-Hoc|Any CPU.Build.0 = Release|x86
		{EF604984-8C1A-421D-888A-A33C33E5C626}.Ad-Hoc|Any CPU.Deploy.0 = Release|x86
		{EF604984-8C1A-421D-888A-A33C33E5C626}.Ad-Hoc|ARM.ActiveCfg = Release|ARM
		{EF604984-8C1A-421D-888A-A33C33E5C626}.Ad-Hoc|ARM.Build.0 = Release|ARM
		{EF604984-8C1A-421D-888A-A33C33E5C626}.Ad-Hoc|ARM.Deploy.0 = Release|ARM
		{EF604984-8C1A-421D-888A-A33C33E5C626}.Ad-Hoc|iPhone.ActiveCfg = Release|x86
		{EF604984-8C1A-421D-888A-A33C33E5C626}.Ad-Hoc|iPhone.Build.0 = Release|x86
		{EF604984-8C1A-421D-888A-A33C33E5C626}.Ad-Hoc|iPhone.Deploy.0 = Release|x86
		{EF604984-8C1A-421D-888A-A33C33E5C626}.Ad-Hoc|iPhoneSimulator.ActiveCfg = Release|x86
		{EF604984-8C1A-421D-888A-A33C33E5C626}.Ad-Hoc|iPhoneSimulator.Build.0 = Release|x86
		{EF604984-8C1A-421D-888A-A33C33E5C626}.Ad-Hoc|iPhoneSimulator.Deploy.0 = Release|x86
		{EF604984-8C1A-421D-888A-A33C33E5C626}.Ad-Hoc|x64.ActiveCfg = Release|x64
		{EF604984-8C1A-421D-888A-A33C33E5C626}.Ad-Hoc|x64.Build.0 = Release|x64
		{EF604984-8C1A-421D-888A-A33C33E5C626}.Ad-Hoc|x64.Deploy.0 = Release|x64
		{EF604984-8C1A-421D-888A-A33C33E5C626}.Ad-Hoc|x86.ActiveCfg = Release|x86
		{EF604984-8C1A-421D-888A-A33C33E5C626}.Ad-Hoc|x86.Build.0 = Release|x86
		{EF604984-8C1A-421D-888A-A33C33E5C626}.Ad-Hoc|x86.Deploy.0 = Release|x86
		{EF604984-8C1A-421D-888A-A33C33E5C626}.AppStore|Any CPU.ActiveCfg = Release|x86
		{EF604984-8C1A-421D-888A-A33C33E5C626}.AppStore|Any CPU.Build.0 = Release|x86
		{EF604984-8C1A-421D-888A-A33C33E5C626}.AppStore|Any CPU.Deploy.0 = Release|x86
		{EF604984-8C1A-421D-888A-A33C33E5C626}.AppStore|ARM.ActiveCfg = Release|ARM
		{EF604984-8C1A-421D-888A-A33C33E5C626}.AppStore|ARM.Build.0 = Release|ARM
		{EF604984-8C1A-421D-888A-A33C33E5C626}.AppStore|ARM.Deploy.0 = Release|ARM
		{EF604984-8C1A-421D-888A-A33C33E5C626}.AppStore|iPhone.ActiveCfg = Release|x86
		{EF604984-8C1A-421D-888A-A33C33E5C626}.AppStore|iPhone.Build.0 = Release|x86
		{EF604984-8C1A-421D-888A-A33C33E5C626}.AppStore|iPhone.Deploy.0 = Release|x86
		{EF604984-8C1A-421D-888A-A33C33E5C626}.AppStore|iPhoneSimulator.ActiveCfg = Release|x86
		{EF604984-8C1A-421D-888A-A33C33E5C626}.AppStore|iPhoneSimulator.Build.0 = Release|x86
		{EF604984-8C1A-421D-888A-A33C33E5C626}.AppStore|iPhoneSimulator.Deploy.0 = Release|x86
		{EF604984-8C1A-421D-888A-A33C33E5C626}.AppStore|x64.ActiveCfg = Release|x64
		{EF604984-8C1A-421D-888A-A33C33E5C626}.AppStore|x64.Build.0 = Release|x64
		{EF604984-8C1A-421D-888A-A33C33E5C626}.AppStore|x64.Deploy.0 = Release|x64
		{EF604984-8C1A-421D-888A-A33C33E5C626}.AppStore|x86.ActiveCfg = Release|x86
		{EF604984-8C1A-421D-888A-A33C33E5C626}.AppStore|x86.Build.0 = Release|x86
		{EF604984-8C1A-421D-888A-A33C33E5C626}.AppStore|x86.Deploy.0 = Release|x86
		{EF604984-8C1A-421D-888A-A33C33E5C626}.Debug|Any CPU.ActiveCfg = Debug|x86
		{EF604984-8C1A-421D-888A-A33C33E5C626}.Debug|Any CPU.Build.0 = Debug|x86
		{EF604984-8C1A-421D-888A-A33C33E5C626}.Debug|Any CPU.Deploy.0 = Debug|x86
		{EF604984-8C1A-421D-888A-A33C33E5C626}.Debug|ARM.ActiveCfg = Debug|ARM
		{EF604984-8C1A-421D-888A-A33C33E5C626}.Debug|ARM.Build.0 = Debug|ARM
		{EF604984-8C1A-421D-888A-A33C33E5C626}.Debug|ARM.Deploy.0 = Debug|ARM
		{EF604984-8C1A-421D-888A-A33C33E5C626}.Debug|iPhone.ActiveCfg = Debug|x86
		{EF604984-8C1A-421D-888A-A33C33E5C626}.Debug|iPhone.Build.0 = Debug|x86
		{EF604984-8C1A-421D-888A-A33C33E5C626}.Debug|iPhone.Deploy.0 = Debug|x86
		{EF604984-8C1A-421D-888A-A33C33E5C626}.Debug|iPhoneSimulator.ActiveCfg = Debug|x86
		{EF604984-8C1A-421D-888A-A33C33E5C626}.Debug|iPhoneSimulator.Build.0 = Debug|x86
		{EF604984-8C1A-421D-888A-A33C33E5C626}.Debug|iPhoneSimulator.Deploy.0 = Debug|x86
		{EF604984-8C1A-421D-888A-A33C33E5C626}.Debug|x64.ActiveCfg = Debug|x64
		{EF604984-8C1A-421D-888A-A33C33E5C626}.Debug|x64.Build.0 = Debug|x64
		{EF604984-8C1A-421D-888A-A33C33E5C626}.Debug|x64.Deploy.0 = Debug|x64
		{EF604984-8C1A-421D-888A-A33C33E5C626}.Debug|x86.ActiveCfg = Debug|x86
		{EF604984-8C1A-421D-888A-A33C33E5C626}.Debug|x86.Build.0 = Debug|x86
		{EF604984-8C1A-421D-888A-A33C33E5C626}.Debug|x86.Deploy.0 = Debug|x86
		{EF604984-8C1A-421D-888A-A33C33E5C626}.Release|Any CPU.ActiveCfg = Release|x86
		{EF604984-8C1A-421D-888A-A33C33E5C626}.Release|Any CPU.Build.0 = Release|x86
		{EF604984-8C1A-421D-888A-A33C33E5C626}.Release|Any CPU.Deploy.0 = Release|x86
		{EF604984-8C1A-421D-888A-A33C33E5C626}.Release|ARM.ActiveCfg = Release|ARM
		{EF604984-8C1A-421D-888A-A33C33E5C626}.Release|ARM.Build.0 = Release|ARM
		{EF604984-8C1A-421D-888A-A33C33E5C626}.Release|ARM.Deploy.0 = Release|ARM
		{EF604984-8C1A-421D-888A-A33C33E5C626}.Release|iPhone.ActiveCfg = Release|x86
		{EF604984-8C1A-421D-888A-A33C33E5C626}.Release|iPhone.Build.0 = Release|x86
		{EF604984-8C1A-421D-888A-A33C33E5C626}.Release|iPhone.Deploy.0 = Release|x86
		{EF604984-8C1A-421D-888A-A33C33E5C626}.Release|iPhoneSimulator.ActiveCfg = Release|x86
		{EF604984-8C1A-421D-888A-A33C33E5C626}.Release|iPhoneSimulator.Build.0 = Release|x86
		{EF604984-8C1A-421D-888A-A33C33E5C626}.Release|iPhoneSimulator.Deploy.0 = Release|x86
		{EF604984-8C1A-421D-888A-A33C33E5C626}.Release|x64.ActiveCfg = Release|x64
		{EF604984-8C1A-421D-888A-A33C33E5C626}.Release|x64.Build.0 = Release|x64
		{EF604984-8C1A-421D-888A-A33C33E5C626}.Release|x64.Deploy.0 = Release|x64
		{EF604984-8C1A-421D-888A-A33C33E5C626}.Release|x86.ActiveCfg = Release|x86
		{EF604984-8C1A-421D-888A-A33C33E5C626}.Release|x86.Build.0 = Release|x86
		{EF604984-8C1A-421D-888A-A33C33E5C626}.Release|x86.Deploy.0 = Release|x86
		{4F274B6A-4455-4A0F-9400-6FA0D5A9BD2F}.Ad-Hoc|Any CPU.ActiveCfg = Debug|Any CPU
		{4F274B6A-4455-4A0F-9400-6FA0D5A9BD2F}.Ad-Hoc|Any CPU.Build.0 = Debug|Any CPU
		{4F274B6A-4455-4A0F-9400-6FA0D5A9BD2F}.Ad-Hoc|Any CPU.Deploy.0 = Debug|Any CPU
		{4F274B6A-4455-4A0F-9400-6FA0D5A9BD2F}.Ad-Hoc|ARM.ActiveCfg = Debug|Any CPU
		{4F274B6A-4455-4A0F-9400-6FA0D5A9BD2F}.Ad-Hoc|ARM.Build.0 = Debug|Any CPU
		{4F274B6A-4455-4A0F-9400-6FA0D5A9BD2F}.Ad-Hoc|ARM.Deploy.0 = Debug|Any CPU
		{4F274B6A-4455-4A0F-9400-6FA0D5A9BD2F}.Ad-Hoc|iPhone.ActiveCfg = Debug|Any CPU
		{4F274B6A-4455-4A0F-9400-6FA0D5A9BD2F}.Ad-Hoc|iPhone.Build.0 = Debug|Any CPU
		{4F274B6A-4455-4A0F-9400-6FA0D5A9BD2F}.Ad-Hoc|iPhone.Deploy.0 = Debug|Any CPU
		{4F274B6A-4455-4A0F-9400-6FA0D5A9BD2F}.Ad-Hoc|iPhoneSimulator.ActiveCfg = Debug|Any CPU
		{4F274B6A-4455-4A0F-9400-6FA0D5A9BD2F}.Ad-Hoc|iPhoneSimulator.Build.0 = Debug|Any CPU
		{4F274B6A-4455-4A0F-9400-6FA0D5A9BD2F}.Ad-Hoc|iPhoneSimulator.Deploy.0 = Debug|Any CPU
		{4F274B6A-4455-4A0F-9400-6FA0D5A9BD2F}.Ad-Hoc|x64.ActiveCfg = Debug|Any CPU
		{4F274B6A-4455-4A0F-9400-6FA0D5A9BD2F}.Ad-Hoc|x64.Build.0 = Debug|Any CPU
		{4F274B6A-4455-4A0F-9400-6FA0D5A9BD2F}.Ad-Hoc|x64.Deploy.0 = Debug|Any CPU
		{4F274B6A-4455-4A0F-9400-6FA0D5A9BD2F}.Ad-Hoc|x86.ActiveCfg = Debug|Any CPU
		{4F274B6A-4455-4A0F-9400-6FA0D5A9BD2F}.Ad-Hoc|x86.Build.0 = Debug|Any CPU
		{4F274B6A-4455-4A0F-9400-6FA0D5A9BD2F}.Ad-Hoc|x86.Deploy.0 = Debug|Any CPU
		{4F274B6A-4455-4A0F-9400-6FA0D5A9BD2F}.AppStore|Any CPU.ActiveCfg = Debug|Any CPU
		{4F274B6A-4455-4A0F-9400-6FA0D5A9BD2F}.AppStore|Any CPU.Build.0 = Debug|Any CPU
		{4F274B6A-4455-4A0F-9400-6FA0D5A9BD2F}.AppStore|Any CPU.Deploy.0 = Debug|Any CPU
		{4F274B6A-4455-4A0F-9400-6FA0D5A9BD2F}.AppStore|ARM.ActiveCfg = Debug|Any CPU
		{4F274B6A-4455-4A0F-9400-6FA0D5A9BD2F}.AppStore|ARM.Build.0 = Debug|Any CPU
		{4F274B6A-4455-4A0F-9400-6FA0D5A9BD2F}.AppStore|ARM.Deploy.0 = Debug|Any CPU
		{4F274B6A-4455-4A0F-9400-6FA0D5A9BD2F}.AppStore|iPhone.ActiveCfg = Debug|Any CPU
		{4F274B6A-4455-4A0F-9400-6FA0D5A9BD2F}.AppStore|iPhone.Build.0 = Debug|Any CPU
		{4F274B6A-4455-4A0F-9400-6FA0D5A9BD2F}.AppStore|iPhone.Deploy.0 = Debug|Any CPU
		{4F274B6A-4455-4A0F-9400-6FA0D5A9BD2F}.AppStore|iPhoneSimulator.ActiveCfg = Debug|Any CPU
		{4F274B6A-4455-4A0F-9400-6FA0D5A9BD2F}.AppStore|iPhoneSimulator.Build.0 = Debug|Any CPU
		{4F274B6A-4455-4A0F-9400-6FA0D5A9BD2F}.AppStore|iPhoneSimulator.Deploy.0 = Debug|Any CPU
		{4F274B6A-4455-4A0F-9400-6FA0D5A9BD2F}.AppStore|x64.ActiveCfg = Debug|Any CPU
		{4F274B6A-4455-4A0F-9400-6FA0D5A9BD2F}.AppStore|x64.Build.0 = Debug|Any CPU
		{4F274B6A-4455-4A0F-9400-6FA0D5A9BD2F}.AppStore|x64.Deploy.0 = Debug|Any CPU
		{4F274B6A-4455-4A0F-9400-6FA0D5A9BD2F}.AppStore|x86.ActiveCfg = Debug|Any CPU
		{4F274B6A-4455-4A0F-9400-6FA0D5A9BD2F}.AppStore|x86.Build.0 = Debug|Any CPU
		{4F274B6A-4455-4A0F-9400-6FA0D5A9BD2F}.AppStore|x86.Deploy.0 = Debug|Any CPU
		{4F274B6A-4455-4A0F-9400-6FA0D5A9BD2F}.Debug|Any CPU.ActiveCfg = Debug|Any CPU
		{4F274B6A-4455-4A0F-9400-6FA0D5A9BD2F}.Debug|Any CPU.Build.0 = Debug|Any CPU
		{4F274B6A-4455-4A0F-9400-6FA0D5A9BD2F}.Debug|Any CPU.Deploy.0 = Debug|Any CPU
		{4F274B6A-4455-4A0F-9400-6FA0D5A9BD2F}.Debug|ARM.ActiveCfg = Debug|Any CPU
		{4F274B6A-4455-4A0F-9400-6FA0D5A9BD2F}.Debug|ARM.Build.0 = Debug|Any CPU
		{4F274B6A-4455-4A0F-9400-6FA0D5A9BD2F}.Debug|ARM.Deploy.0 = Debug|Any CPU
		{4F274B6A-4455-4A0F-9400-6FA0D5A9BD2F}.Debug|iPhone.ActiveCfg = Debug|Any CPU
		{4F274B6A-4455-4A0F-9400-6FA0D5A9BD2F}.Debug|iPhone.Build.0 = Debug|Any CPU
		{4F274B6A-4455-4A0F-9400-6FA0D5A9BD2F}.Debug|iPhone.Deploy.0 = Debug|Any CPU
		{4F274B6A-4455-4A0F-9400-6FA0D5A9BD2F}.Debug|iPhoneSimulator.ActiveCfg = Debug|Any CPU
		{4F274B6A-4455-4A0F-9400-6FA0D5A9BD2F}.Debug|iPhoneSimulator.Build.0 = Debug|Any CPU
		{4F274B6A-4455-4A0F-9400-6FA0D5A9BD2F}.Debug|iPhoneSimulator.Deploy.0 = Debug|Any CPU
		{4F274B6A-4455-4A0F-9400-6FA0D5A9BD2F}.Debug|x64.ActiveCfg = Debug|Any CPU
		{4F274B6A-4455-4A0F-9400-6FA0D5A9BD2F}.Debug|x64.Build.0 = Debug|Any CPU
		{4F274B6A-4455-4A0F-9400-6FA0D5A9BD2F}.Debug|x64.Deploy.0 = Debug|Any CPU
		{4F274B6A-4455-4A0F-9400-6FA0D5A9BD2F}.Debug|x86.ActiveCfg = Debug|Any CPU
		{4F274B6A-4455-4A0F-9400-6FA0D5A9BD2F}.Debug|x86.Build.0 = Debug|Any CPU
		{4F274B6A-4455-4A0F-9400-6FA0D5A9BD2F}.Debug|x86.Deploy.0 = Debug|Any CPU
		{4F274B6A-4455-4A0F-9400-6FA0D5A9BD2F}.Release|Any CPU.ActiveCfg = Release|Any CPU
		{4F274B6A-4455-4A0F-9400-6FA0D5A9BD2F}.Release|Any CPU.Build.0 = Release|Any CPU
		{4F274B6A-4455-4A0F-9400-6FA0D5A9BD2F}.Release|Any CPU.Deploy.0 = Release|Any CPU
		{4F274B6A-4455-4A0F-9400-6FA0D5A9BD2F}.Release|ARM.ActiveCfg = Release|Any CPU
		{4F274B6A-4455-4A0F-9400-6FA0D5A9BD2F}.Release|ARM.Build.0 = Release|Any CPU
		{4F274B6A-4455-4A0F-9400-6FA0D5A9BD2F}.Release|ARM.Deploy.0 = Release|Any CPU
		{4F274B6A-4455-4A0F-9400-6FA0D5A9BD2F}.Release|iPhone.ActiveCfg = Release|Any CPU
		{4F274B6A-4455-4A0F-9400-6FA0D5A9BD2F}.Release|iPhone.Build.0 = Release|Any CPU
		{4F274B6A-4455-4A0F-9400-6FA0D5A9BD2F}.Release|iPhone.Deploy.0 = Release|Any CPU
		{4F274B6A-4455-4A0F-9400-6FA0D5A9BD2F}.Release|iPhoneSimulator.ActiveCfg = Release|Any CPU
		{4F274B6A-4455-4A0F-9400-6FA0D5A9BD2F}.Release|iPhoneSimulator.Build.0 = Release|Any CPU
		{4F274B6A-4455-4A0F-9400-6FA0D5A9BD2F}.Release|iPhoneSimulator.Deploy.0 = Release|Any CPU
		{4F274B6A-4455-4A0F-9400-6FA0D5A9BD2F}.Release|x64.ActiveCfg = Release|Any CPU
		{4F274B6A-4455-4A0F-9400-6FA0D5A9BD2F}.Release|x64.Build.0 = Release|Any CPU
		{4F274B6A-4455-4A0F-9400-6FA0D5A9BD2F}.Release|x64.Deploy.0 = Release|Any CPU
		{4F274B6A-4455-4A0F-9400-6FA0D5A9BD2F}.Release|x86.ActiveCfg = Release|Any CPU
		{4F274B6A-4455-4A0F-9400-6FA0D5A9BD2F}.Release|x86.Build.0 = Release|Any CPU
		{4F274B6A-4455-4A0F-9400-6FA0D5A9BD2F}.Release|x86.Deploy.0 = Release|Any CPU
	EndGlobalSection
	GlobalSection(SolutionProperties) = preSolution
		HideSolutionNode = FALSE
	EndGlobalSection
	GlobalSection(ExtensibilityGlobals) = postSolution
		SolutionGuid = {95A20607-6861-4286-B8D9-435FC9F76AC6}
	EndGlobalSection
EndGlobal
